
Microsoft Visual Studio Solution File, Format Version 12.00
# Visual Studio Version 17
VisualStudioVersion = 17.0.31903.59
MinimumVisualStudioVersion = 10.0.40219.1
Project("{FAE04EC0-301F-11D3-BF4B-00C04F79EFBC}") = "VulnerableApi", "VulnerableApi\VulnerableApi.csproj", "{5D3AEF29-7237-4E22-ADAF-D8A47E207779}"
EndProject
Project("{FAE04EC0-301F-11D3-BF4B-00C04F79EFBC}") = "VulnerableLibrary", "VulnerableLibrary\VulnerableLibrary.csproj", "{C310C925-8433-4561-9C57-41213026080E}"
EndProject
Project("{FAE04EC0-301F-11D3-BF4B-00C04F79EFBC}") = "VulnerableConsole", "VulnerableConsole\VulnerableConsole.csproj", "{AE632A49-DD69-47F2-B899-CAEDA48EDDDB}"
EndProject
Global
	GlobalSection(SolutionConfigurationPlatforms) = preSolution
		Debug|Any CPU = Debug|Any CPU
		Debug|x64 = Debug|x64
		Debug|x86 = Debug|x86
		Release|Any CPU = Release|Any CPU
		Release|x64 = Release|x64
		Release|x86 = Release|x86
	EndGlobalSection
	GlobalSection(ProjectConfigurationPlatforms) = postSolution
		{5D3AEF29-7237-4E22-ADAF-D8A47E207779}.Debug|Any CPU.ActiveCfg = Debug|Any CPU
		{5D3AEF29-7237-4E22-ADAF-D8A47E207779}.Debug|Any CPU.Build.0 = Debug|Any CPU
		{5D3AEF29-7237-4E22-ADAF-D8A47E207779}.Debug|x64.ActiveCfg = Debug|Any CPU
		{5D3AEF29-7237-4E22-ADAF-D8A47E207779}.Debug|x64.Build.0 = Debug|Any CPU
		{5D3AEF29-7237-4E22-ADAF-D8A47E207779}.Debug|x86.ActiveCfg = Debug|Any CPU
		{5D3AEF29-7237-4E22-ADAF-D8A47E207779}.Debug|x86.Build.0 = Debug|Any CPU
		{5D3AEF29-7237-4E22-ADAF-D8A47E207779}.Release|Any CPU.ActiveCfg = Release|Any CPU
		{5D3AEF29-7237-4E22-ADAF-D8A47E207779}.Release|Any CPU.Build.0 = Release|Any CPU
		{5D3AEF29-7237-4E22-ADAF-D8A47E207779}.Release|x64.ActiveCfg = Release|Any CPU
		{5D3AEF29-7237-4E22-ADAF-D8A47E207779}.Release|x64.Build.0 = Release|Any CPU
		{5D3AEF29-7237-4E22-ADAF-D8A47E207779}.Release|x86.ActiveCfg = Release|Any CPU
		{5D3AEF29-7237-4E22-ADAF-D8A47E207779}.Release|x86.Build.0 = Release|Any CPU
		{C310C925-8433-4561-9C57-41213026080E}.Debug|Any CPU.ActiveCfg = Debug|Any CPU
		{C310C925-8433-4561-9C57-41213026080E}.Debug|Any CPU.Build.0 = Debug|Any CPU
		{C310C925-8433-4561-9C57-41213026080E}.Debug|x64.ActiveCfg = Debug|Any CPU
		{C310C925-8433-4561-9C57-41213026080E}.Debug|x64.Build.0 = Debug|Any CPU
		{C310C925-8433-4561-9C57-41213026080E}.Debug|x86.ActiveCfg = Debug|Any CPU
		{C310C925-8433-4561-9C57-41213026080E}.Debug|x86.Build.0 = Debug|Any CPU
		{C310C925-8433-4561-9C57-41213026080E}.Release|Any CPU.ActiveCfg = Release|Any CPU
		{C310C925-8433-4561-9C57-41213026080E}.Release|Any CPU.Build.0 = Release|Any CPU
		{C310C925-8433-4561-9C57-41213026080E}.Release|x64.ActiveCfg = Release|Any CPU
		{C310C925-8433-4561-9C57-41213026080E}.Release|x64.Build.0 = Release|Any CPU
		{C310C925-8433-4561-9C57-41213026080E}.Release|x86.ActiveCfg = Release|Any CPU
		{C310C925-8433-4561-9C57-41213026080E}.Release|x86.Build.0 = Release|Any CPU
		{AE632A49-DD69-47F2-B899-CAEDA48EDDDB}.Debug|Any CPU.ActiveCfg = Debug|Any CPU
		{AE632A49-DD69-47F2-B899-CAEDA48EDDDB}.Debug|Any CPU.Build.0 = Debug|Any CPU
		{AE632A49-DD69-47F2-B899-CAEDA48EDDDB}.Debug|x64.ActiveCfg = Debug|Any CPU
		{AE632A49-DD69-47F2-B899-CAEDA48EDDDB}.Debug|x64.Build.0 = Debug|Any CPU
		{AE632A49-DD69-47F2-B899-CAEDA48EDDDB}.Debug|x86.ActiveCfg = Debug|Any CPU
		{AE632A49-DD69-47F2-B899-CAEDA48EDDDB}.Debug|x86.Build.0 = Debug|Any CPU
		{AE632A49-DD69-47F2-B899-CAEDA48EDDDB}.Release|Any CPU.ActiveCfg = Release|Any CPU
		{AE632A49-DD69-47F2-B899-CAEDA48EDDDB}.Release|Any CPU.Build.0 = Release|Any CPU
		{AE632A49-DD69-47F2-B899-CAEDA48EDDDB}.Release|x64.ActiveCfg = Release|Any CPU
		{AE632A49-DD69-47F2-B899-CAEDA48EDDDB}.Release|x64.Build.0 = Release|Any CPU
		{AE632A49-DD69-47F2-B899-CAEDA48EDDDB}.Release|x86.ActiveCfg = Release|Any CPU
		{AE632A49-DD69-47F2-B899-CAEDA48EDDDB}.Release|x86.Build.0 = Release|Any CPU
	EndGlobalSection
	GlobalSection(SolutionProperties) = preSolution
		HideSolutionNode = FALSE
	EndGlobalSection
EndGlobal
